<?xml version="1.0" encoding="utf-8"?>
<Project ToolsVersion="4.0" xmlns="http://schemas.microsoft.com/developer/msbuild/2003">
  <ItemGroup>
    <Filter Include="Source Files">
      <UniqueIdentifier>{26258e31-a707-438d-b8e6-e89914277f9f}</UniqueIdentifier>
      <Extensions>cpp;c;cc;cxx;def;odl;idl;hpj;bat;asm;asmx</Extensions>
    </Filter>
    <Filter Include="Header Files">
      <UniqueIdentifier>{bc633f35-1587-4e04-8420-4292b929888c}</UniqueIdentifier>
      <Extensions>h;hpp;hxx;hm;inl;inc;xsd</Extensions>
    </Filter>
    <Filter Include="Resource Files">
      <UniqueIdentifier>{4ad59555-8db3-4de9-8bb1-a4ae6448412f}</UniqueIdentifier>
      <Extensions>rc;ico;cur;bmp;dlg;rc2;rct;bin;rgs;gif;jpg;jpeg;jpe;resx;tiff;tif;png;wav</Extensions>
    </Filter>
    <Filter Include="Generated Files">
      <UniqueIdentifier>{939ecb93-bba3-48ed-b4cf-7b4bce2a4e76}</UniqueIdentifier>
      <SourceControlFiles>False</SourceControlFiles>
    </Filter>
  </ItemGroup>
  <ItemGroup>
    <ClInclude Include="RFPCommon.h">
      <Filter>Generated Files</Filter>
    </ClInclude>
    <ClInclude Include="StdAfx.h">
      <Filter>Header Files</Filter>
    </ClInclude>
    <ClInclude Include="resource.h">
      <Filter>Header Files</Filter>
    </ClInclude>
    <ClInclude Include="FPClasses.h">
      <Filter>Header Files</Filter>
    </ClInclude>
    <ClInclude Include="RSupport.h">
      <Filter>Header Files</Filter>
    </ClInclude>
  </ItemGroup>
  <ItemGroup>
    <ClCompile Include="RFPCommon_i.c">
      <Filter>Generated Files</Filter>
    </ClCompile>
    <ClCompile Include="StdAfx.cpp">
      <Filter>Source Files</Filter>
    </ClCompile>
    <ClCompile Include="RFPCommon.cpp">
      <Filter>Source Files</Filter>
    </ClCompile>
    <ClCompile Include="FPMethods.cpp">
      <Filter>Source Files</Filter>
    </ClCompile>
    <ClCompile Include="FPFunctions.cpp">
      <Filter>Source Files</Filter>
    </ClCompile>
    <ClCompile Include="RSupport.cpp">
      <Filter>Source Files</Filter>
    </ClCompile>
  </ItemGroup>
  <ItemGroup>
    <Midl Include="RFPCommon.idl">
      <Filter>Source Files</Filter>
    </Midl>
  </ItemGroup>
  <ItemGroup>
    <None Include="RFPCommon.def">
      <Filter>Source Files</Filter>
    </None>
    <None Include="FP.rgs">
      <Filter>Resource Files</Filter>
    </None>
    <None Include="RFPCommon.pds" />
  </ItemGroup>
  <ItemGroup>
    <ResourceCompile Include="RFPCommon.rc">
      <Filter>Resource Files</Filter>
    </ResourceCompile>
  </ItemGroup>
</Project>